// !$*UTF8*$!
{
	archiveVersion = 1;
	classes = {
	};
	objectVersion = 46;
	objects = {

/* Begin PBXBuildFile section */
		554644291A7D1A5400B0D4B3 /* LocationViewController.m in Sources */ = {isa = PBXBuildFile; fileRef = 554644281A7D1A5400B0D4B3 /* LocationViewController.m */; };
		5546442E1A7D1AB800B0D4B3 /* LocationView.xib in Resources */ = {isa = PBXBuildFile; fileRef = 5546442D1A7D1AB800B0D4B3 /* LocationView.xib */; };
		554644301A7D24EC00B0D4B3 /* ComparisionView.xib in Resources */ = {isa = PBXBuildFile; fileRef = 5546442F1A7D24EC00B0D4B3 /* ComparisionView.xib */; };
		554644331A7D250B00B0D4B3 /* ComparisionViewController.m in Sources */ = {isa = PBXBuildFile; fileRef = 554644321A7D250B00B0D4B3 /* ComparisionViewController.m */; };
		554644371A7D264B00B0D4B3 /* ComaparisonTableViewCell.m in Sources */ = {isa = PBXBuildFile; fileRef = 554644351A7D264B00B0D4B3 /* ComaparisonTableViewCell.m */; };
		554644381A7D264B00B0D4B3 /* ComaparisonTableViewCell.xib in Resources */ = {isa = PBXBuildFile; fileRef = 554644361A7D264B00B0D4B3 /* ComaparisonTableViewCell.xib */; };
		554644431A7D403E00B0D4B3 /* eye.png in Resources */ = {isa = PBXBuildFile; fileRef = 554644391A7D403E00B0D4B3 /* eye.png */; };
		554644441A7D403E00B0D4B3 /* ambulance.png in Resources */ = {isa = PBXBuildFile; fileRef = 5546443A1A7D403E00B0D4B3 /* ambulance.png */; };
		554644451A7D403E00B0D4B3 /* bed.png in Resources */ = {isa = PBXBuildFile; fileRef = 5546443B1A7D403E00B0D4B3 /* bed.png */; };
		554644461A7D403E00B0D4B3 /* map-marker.png in Resources */ = {isa = PBXBuildFile; fileRef = 5546443C1A7D403E00B0D4B3 /* map-marker.png */; };
		554644471A7D403E00B0D4B3 /* accidentcoverage.png in Resources */ = {isa = PBXBuildFile; fileRef = 5546443D1A7D403E00B0D4B3 /* accidentcoverage.png */; };
		554644481A7D403E00B0D4B3 /* bus.png in Resources */ = {isa = PBXBuildFile; fileRef = 5546443E1A7D403E00B0D4B3 /* bus.png */; };
		554644491A7D403E00B0D4B3 /* cab.png in Resources */ = {isa = PBXBuildFile; fileRef = 5546443F1A7D403E00B0D4B3 /* cab.png */; };
		5546444A1A7D403E00B0D4B3 /* clock.png in Resources */ = {isa = PBXBuildFile; fileRef = 554644401A7D403E00B0D4B3 /* clock.png */; };
		5546444B1A7D403E00B0D4B3 /* dollar.png in Resources */ = {isa = PBXBuildFile; fileRef = 554644411A7D403E00B0D4B3 /* dollar.png */; };
		5546444C1A7D403E00B0D4B3 /* eventcalendar.png in Resources */ = {isa = PBXBuildFile; fileRef = 554644421A7D403E00B0D4B3 /* eventcalendar.png */; };
		5560BFDC1A7CDC8800B5996D /* WelcomeViewController.m in Sources */ = {isa = PBXBuildFile; fileRef = 5560BFD81A7CDC8800B5996D /* WelcomeViewController.m */; };
		5560BFDD1A7CDC8800B5996D /* WelcomeView.xib in Resources */ = {isa = PBXBuildFile; fileRef = 5560BFDB1A7CDC8800B5996D /* WelcomeView.xib */; };
		5560BFE01A7CE30900B5996D /* SelectionViewController.m in Sources */ = {isa = PBXBuildFile; fileRef = 5560BFDF1A7CE30900B5996D /* SelectionViewController.m */; };
		5560BFE21A7CE32900B5996D /* SelectionView.xib in Resources */ = {isa = PBXBuildFile; fileRef = 5560BFE11A7CE32900B5996D /* SelectionView.xib */; };
		5560BFE51A7CEAD500B5996D /* APIHelper.m in Sources */ = {isa = PBXBuildFile; fileRef = 5560BFE41A7CEAD500B5996D /* APIHelper.m */; };
		5560BFE81A7CED3300B5996D /* HotelsViewController.m in Sources */ = {isa = PBXBuildFile; fileRef = 5560BFE71A7CED3300B5996D /* HotelsViewController.m */; };
		5560BFEC1A7CEDC000B5996D /* HotelsView.xib in Resources */ = {isa = PBXBuildFile; fileRef = 5560BFEB1A7CEDC000B5996D /* HotelsView.xib */; };
		5560BFF01A7CEE7700B5996D /* HotelsCellView.xib in Resources */ = {isa = PBXBuildFile; fileRef = 5560BFEF1A7CEE7700B5996D /* HotelsCellView.xib */; };
		5560BFF31A7CF8F800B5996D /* HotelsCellViewTableViewCell.m in Sources */ = {isa = PBXBuildFile; fileRef = 5560BFF21A7CF8F800B5996D /* HotelsCellViewTableViewCell.m */; };
		5560BFF91A7D049200B5996D /* hotel1.jpg in Resources */ = {isa = PBXBuildFile; fileRef = 5560BFF51A7D049200B5996D /* hotel1.jpg */; };
		5560BFFA1A7D049200B5996D /* hotel4.jpg in Resources */ = {isa = PBXBuildFile; fileRef = 5560BFF61A7D049200B5996D /* hotel4.jpg */; };
		5560BFFB1A7D049200B5996D /* hotel3.jpg in Resources */ = {isa = PBXBuildFile; fileRef = 5560BFF71A7D049200B5996D /* hotel3.jpg */; };
		5560BFFC1A7D049200B5996D /* hotel2.jpg in Resources */ = {isa = PBXBuildFile; fileRef = 5560BFF81A7D049200B5996D /* hotel2.jpg */; };
		5560BFFE1A7D05C400B5996D /* loading.png in Resources */ = {isa = PBXBuildFile; fileRef = 5560BFFD1A7D05C400B5996D /* loading.png */; };
		55A69DC51A7D67B800B388EA /* SPGooglePlacesAutocompletePlace.m in Sources */ = {isa = PBXBuildFile; fileRef = 55A69DBE1A7D67B800B388EA /* SPGooglePlacesAutocompletePlace.m */; };
		55A69DC61A7D67B800B388EA /* SPGooglePlacesAutocompleteQuery.m in Sources */ = {isa = PBXBuildFile; fileRef = 55A69DC01A7D67B800B388EA /* SPGooglePlacesAutocompleteQuery.m */; };
		55A69DC71A7D67B800B388EA /* SPGooglePlacesAutocompleteUtilities.m in Sources */ = {isa = PBXBuildFile; fileRef = 55A69DC21A7D67B800B388EA /* SPGooglePlacesAutocompleteUtilities.m */; };
		55A69DC81A7D67B800B388EA /* SPGooglePlacesPlaceDetailQuery.m in Sources */ = {isa = PBXBuildFile; fileRef = 55A69DC41A7D67B800B388EA /* SPGooglePlacesPlaceDetailQuery.m */; };
		55A69DCB1A7D67CF00B388EA /* SPGooglePlacesAutocompleteViewController.m in Sources */ = {isa = PBXBuildFile; fileRef = 55A69DCA1A7D67CF00B388EA /* SPGooglePlacesAutocompleteViewController.m */; };
		55A69DCD1A7D67EA00B388EA /* SPGooglePlacesAutocompleteViewController.xib in Resources */ = {isa = PBXBuildFile; fileRef = 55A69DCC1A7D67EA00B388EA /* SPGooglePlacesAutocompleteViewController.xib */; };
		6E4AFAE51A7CD1AD0040E64E /* AVFoundation.framework in Frameworks */ = {isa = PBXBuildFile; fileRef = 6E4AFAE41A7CD1AD0040E64E /* AVFoundation.framework */; };
		6E4AFAE71A7CD1B50040E64E /* CoreData.framework in Frameworks */ = {isa = PBXBuildFile; fileRef = 6E4AFAE61A7CD1B50040E64E /* CoreData.framework */; };
		6E4AFAE91A7CD1BE0040E64E /* CoreLocation.framework in Frameworks */ = {isa = PBXBuildFile; fileRef = 6E4AFAE81A7CD1BE0040E64E /* CoreLocation.framework */; };
		6E4AFAEB1A7CD1C70040E64E /* CoreText.framework in Frameworks */ = {isa = PBXBuildFile; fileRef = 6E4AFAEA1A7CD1C70040E64E /* CoreText.framework */; };
		6E4AFAED1A7CD1CF0040E64E /* GLKit.framework in Frameworks */ = {isa = PBXBuildFile; fileRef = 6E4AFAEC1A7CD1CF0040E64E /* GLKit.framework */; };
		6E4AFAEF1A7CD1D70040E64E /* ImageIO.framework in Frameworks */ = {isa = PBXBuildFile; fileRef = 6E4AFAEE1A7CD1D70040E64E /* ImageIO.framework */; };
		6E4AFAF11A7CD1E50040E64E /* libc++.dylib in Frameworks */ = {isa = PBXBuildFile; fileRef = 6E4AFAF01A7CD1E50040E64E /* libc++.dylib */; };
		6E4AFAF31A7CD1F30040E64E /* libicucore.dylib in Frameworks */ = {isa = PBXBuildFile; fileRef = 6E4AFAF21A7CD1F30040E64E /* libicucore.dylib */; };
		6E4AFAF51A7CD1FE0040E64E /* libz.dylib in Frameworks */ = {isa = PBXBuildFile; fileRef = 6E4AFAF41A7CD1FE0040E64E /* libz.dylib */; };
		6E4AFAF71A7CD2060040E64E /* OpenGLES.framework in Frameworks */ = {isa = PBXBuildFile; fileRef = 6E4AFAF61A7CD2060040E64E /* OpenGLES.framework */; };
		6E4AFAF91A7CD20D0040E64E /* QuartzCore.framework in Frameworks */ = {isa = PBXBuildFile; fileRef = 6E4AFAF81A7CD20D0040E64E /* QuartzCore.framework */; };
		6E4AFAFB1A7CD2160040E64E /* SystemConfiguration.framework in Frameworks */ = {isa = PBXBuildFile; fileRef = 6E4AFAFA1A7CD2160040E64E /* SystemConfiguration.framework */; };
		6E4AFAFF1A7CD5390040E64E /* BusinessTripViewController.m in Sources */ = {isa = PBXBuildFile; fileRef = 6E4AFAFE1A7CD5390040E64E /* BusinessTripViewController.m */; };
		6E4AFB031A7CD5730040E64E /* BusinessTripView.xib in Resources */ = {isa = PBXBuildFile; fileRef = 6E4AFB021A7CD5730040E64E /* BusinessTripView.xib */; };
		6E4AFB0A1A7CD9570040E64E /* GoogleMaps.framework in Frameworks */ = {isa = PBXBuildFile; fileRef = 6E4AFB091A7CD9570040E64E /* GoogleMaps.framework */; };
		6E4AFB0C1A7CD96D0040E64E /* GoogleMaps.bundle in Resources */ = {isa = PBXBuildFile; fileRef = 6E4AFB0B1A7CD96D0040E64E /* GoogleMaps.bundle */; };
		6E576FDA1A7CC8A3004D3CFF /* Foundation.framework in Frameworks */ = {isa = PBXBuildFile; fileRef = 6E576FD91A7CC8A3004D3CFF /* Foundation.framework */; };
		6E576FDC1A7CC8A3004D3CFF /* CoreGraphics.framework in Frameworks */ = {isa = PBXBuildFile; fileRef = 6E576FDB1A7CC8A3004D3CFF /* CoreGraphics.framework */; };
		6E576FDE1A7CC8A3004D3CFF /* UIKit.framework in Frameworks */ = {isa = PBXBuildFile; fileRef = 6E576FDD1A7CC8A3004D3CFF /* UIKit.framework */; };
		6E576FE41A7CC8A3004D3CFF /* InfoPlist.strings in Resources */ = {isa = PBXBuildFile; fileRef = 6E576FE21A7CC8A3004D3CFF /* InfoPlist.strings */; };
		6E576FE61A7CC8A3004D3CFF /* main.m in Sources */ = {isa = PBXBuildFile; fileRef = 6E576FE51A7CC8A3004D3CFF /* main.m */; };
		6E576FEA1A7CC8A3004D3CFF /* AppDelegate.m in Sources */ = {isa = PBXBuildFile; fileRef = 6E576FE91A7CC8A3004D3CFF /* AppDelegate.m */; };
		6E576FEC1A7CC8A3004D3CFF /* Images.xcassets in Resources */ = {isa = PBXBuildFile; fileRef = 6E576FEB1A7CC8A3004D3CFF /* Images.xcassets */; };
		6E576FF31A7CC8A3004D3CFF /* XCTest.framework in Frameworks */ = {isa = PBXBuildFile; fileRef = 6E576FF21A7CC8A3004D3CFF /* XCTest.framework */; };
		6E576FF41A7CC8A3004D3CFF /* Foundation.framework in Frameworks */ = {isa = PBXBuildFile; fileRef = 6E576FD91A7CC8A3004D3CFF /* Foundation.framework */; };
		6E576FF51A7CC8A3004D3CFF /* UIKit.framework in Frameworks */ = {isa = PBXBuildFile; fileRef = 6E576FDD1A7CC8A3004D3CFF /* UIKit.framework */; };
		6E576FFD1A7CC8A3004D3CFF /* InfoPlist.strings in Resources */ = {isa = PBXBuildFile; fileRef = 6E576FFB1A7CC8A3004D3CFF /* InfoPlist.strings */; };
		6E576FFF1A7CC8A3004D3CFF /* StayzillaTests.m in Sources */ = {isa = PBXBuildFile; fileRef = 6E576FFE1A7CC8A3004D3CFF /* StayzillaTests.m */; };
		6ED860A31A7D5F06009C625E /* SightseeingViewController.m in Sources */ = {isa = PBXBuildFile; fileRef = 6ED860A21A7D5F06009C625E /* SightseeingViewController.m */; };
		6ED860AB1A7D6B6E009C625E /* SightSeeingView.xib in Resources */ = {isa = PBXBuildFile; fileRef = 6ED860AA1A7D6B6E009C625E /* SightSeeingView.xib */; };
/* End PBXBuildFile section */

/* Begin PBXContainerItemProxy section */
		6E576FF61A7CC8A3004D3CFF /* PBXContainerItemProxy */ = {
			isa = PBXContainerItemProxy;
			containerPortal = 6E576FCE1A7CC8A3004D3CFF /* Project object */;
			proxyType = 1;
			remoteGlobalIDString = 6E576FD51A7CC8A3004D3CFF;
			remoteInfo = Stayzilla;
		};
/* End PBXContainerItemProxy section */

/* Begin PBXFileReference section */
		554644271A7D1A5400B0D4B3 /* LocationViewController.h */ = {isa = PBXFileReference; fileEncoding = 4; lastKnownFileType = sourcecode.c.h; path = LocationViewController.h; sourceTree = "<group>"; };
		554644281A7D1A5400B0D4B3 /* LocationViewController.m */ = {isa = PBXFileReference; fileEncoding = 4; lastKnownFileType = sourcecode.c.objc; path = LocationViewController.m; sourceTree = "<group>"; };
		5546442D1A7D1AB800B0D4B3 /* LocationView.xib */ = {isa = PBXFileReference; fileEncoding = 4; lastKnownFileType = file.xib; path = LocationView.xib; sourceTree = "<group>"; };
		5546442F1A7D24EC00B0D4B3 /* ComparisionView.xib */ = {isa = PBXFileReference; fileEncoding = 4; lastKnownFileType = file.xib; path = ComparisionView.xib; sourceTree = "<group>"; };
		554644311A7D250B00B0D4B3 /* ComparisionViewController.h */ = {isa = PBXFileReference; fileEncoding = 4; lastKnownFileType = sourcecode.c.h; path = ComparisionViewController.h; sourceTree = "<group>"; };
		554644321A7D250B00B0D4B3 /* ComparisionViewController.m */ = {isa = PBXFileReference; fileEncoding = 4; lastKnownFileType = sourcecode.c.objc; path = ComparisionViewController.m; sourceTree = "<group>"; };
		554644341A7D264B00B0D4B3 /* ComaparisonTableViewCell.h */ = {isa = PBXFileReference; fileEncoding = 4; lastKnownFileType = sourcecode.c.h; path = ComaparisonTableViewCell.h; sourceTree = "<group>"; };
		554644351A7D264B00B0D4B3 /* ComaparisonTableViewCell.m */ = {isa = PBXFileReference; fileEncoding = 4; lastKnownFileType = sourcecode.c.objc; path = ComaparisonTableViewCell.m; sourceTree = "<group>"; };
		554644361A7D264B00B0D4B3 /* ComaparisonTableViewCell.xib */ = {isa = PBXFileReference; fileEncoding = 4; lastKnownFileType = file.xib; path = ComaparisonTableViewCell.xib; sourceTree = "<group>"; };
		554644391A7D403E00B0D4B3 /* eye.png */ = {isa = PBXFileReference; lastKnownFileType = image.png; path = eye.png; sourceTree = "<group>"; };
		5546443A1A7D403E00B0D4B3 /* ambulance.png */ = {isa = PBXFileReference; lastKnownFileType = image.png; path = ambulance.png; sourceTree = "<group>"; };
		5546443B1A7D403E00B0D4B3 /* bed.png */ = {isa = PBXFileReference; lastKnownFileType = image.png; path = bed.png; sourceTree = "<group>"; };
		5546443C1A7D403E00B0D4B3 /* map-marker.png */ = {isa = PBXFileReference; lastKnownFileType = image.png; path = "map-marker.png"; sourceTree = "<group>"; };
		5546443D1A7D403E00B0D4B3 /* accidentcoverage.png */ = {isa = PBXFileReference; lastKnownFileType = image.png; path = accidentcoverage.png; sourceTree = "<group>"; };
		5546443E1A7D403E00B0D4B3 /* bus.png */ = {isa = PBXFileReference; lastKnownFileType = image.png; path = bus.png; sourceTree = "<group>"; };
		5546443F1A7D403E00B0D4B3 /* cab.png */ = {isa = PBXFileReference; lastKnownFileType = image.png; path = cab.png; sourceTree = "<group>"; };
		554644401A7D403E00B0D4B3 /* clock.png */ = {isa = PBXFileReference; lastKnownFileType = image.png; path = clock.png; sourceTree = "<group>"; };
		554644411A7D403E00B0D4B3 /* dollar.png */ = {isa = PBXFileReference; lastKnownFileType = image.png; path = dollar.png; sourceTree = "<group>"; };
		554644421A7D403E00B0D4B3 /* eventcalendar.png */ = {isa = PBXFileReference; lastKnownFileType = image.png; path = eventcalendar.png; sourceTree = "<group>"; };
		5560BFD71A7CDC8800B5996D /* WelcomeViewController.h */ = {isa = PBXFileReference; fileEncoding = 4; lastKnownFileType = sourcecode.c.h; path = WelcomeViewController.h; sourceTree = "<group>"; };
		5560BFD81A7CDC8800B5996D /* WelcomeViewController.m */ = {isa = PBXFileReference; fileEncoding = 4; lastKnownFileType = sourcecode.c.objc; path = WelcomeViewController.m; sourceTree = "<group>"; };
		5560BFDB1A7CDC8800B5996D /* WelcomeView.xib */ = {isa = PBXFileReference; fileEncoding = 4; lastKnownFileType = file.xib; path = WelcomeView.xib; sourceTree = "<group>"; };
		5560BFDE1A7CE30900B5996D /* SelectionViewController.h */ = {isa = PBXFileReference; fileEncoding = 4; lastKnownFileType = sourcecode.c.h; path = SelectionViewController.h; sourceTree = "<group>"; };
		5560BFDF1A7CE30900B5996D /* SelectionViewController.m */ = {isa = PBXFileReference; fileEncoding = 4; lastKnownFileType = sourcecode.c.objc; path = SelectionViewController.m; sourceTree = "<group>"; };
		5560BFE11A7CE32900B5996D /* SelectionView.xib */ = {isa = PBXFileReference; fileEncoding = 4; lastKnownFileType = file.xib; path = SelectionView.xib; sourceTree = "<group>"; };
		5560BFE31A7CEAD500B5996D /* APIHelper.h */ = {isa = PBXFileReference; fileEncoding = 4; lastKnownFileType = sourcecode.c.h; name = APIHelper.h; path = Welcome/Model/APIHelper.h; sourceTree = "<group>"; };
		5560BFE41A7CEAD500B5996D /* APIHelper.m */ = {isa = PBXFileReference; fileEncoding = 4; lastKnownFileType = sourcecode.c.objc; name = APIHelper.m; path = Welcome/Model/APIHelper.m; sourceTree = "<group>"; };
		5560BFE61A7CED3300B5996D /* HotelsViewController.h */ = {isa = PBXFileReference; fileEncoding = 4; lastKnownFileType = sourcecode.c.h; path = HotelsViewController.h; sourceTree = "<group>"; };
		5560BFE71A7CED3300B5996D /* HotelsViewController.m */ = {isa = PBXFileReference; fileEncoding = 4; lastKnownFileType = sourcecode.c.objc; path = HotelsViewController.m; sourceTree = "<group>"; };
		5560BFEB1A7CEDC000B5996D /* HotelsView.xib */ = {isa = PBXFileReference; fileEncoding = 4; lastKnownFileType = file.xib; path = HotelsView.xib; sourceTree = "<group>"; };
		5560BFEF1A7CEE7700B5996D /* HotelsCellView.xib */ = {isa = PBXFileReference; fileEncoding = 4; lastKnownFileType = file.xib; path = HotelsCellView.xib; sourceTree = "<group>"; };
		5560BFF11A7CF8F800B5996D /* HotelsCellViewTableViewCell.h */ = {isa = PBXFileReference; fileEncoding = 4; lastKnownFileType = sourcecode.c.h; path = HotelsCellViewTableViewCell.h; sourceTree = "<group>"; };
		5560BFF21A7CF8F800B5996D /* HotelsCellViewTableViewCell.m */ = {isa = PBXFileReference; fileEncoding = 4; lastKnownFileType = sourcecode.c.objc; path = HotelsCellViewTableViewCell.m; sourceTree = "<group>"; };
		5560BFF51A7D049200B5996D /* hotel1.jpg */ = {isa = PBXFileReference; lastKnownFileType = image.jpeg; path = hotel1.jpg; sourceTree = "<group>"; };
		5560BFF61A7D049200B5996D /* hotel4.jpg */ = {isa = PBXFileReference; lastKnownFileType = image.jpeg; path = hotel4.jpg; sourceTree = "<group>"; };
		5560BFF71A7D049200B5996D /* hotel3.jpg */ = {isa = PBXFileReference; lastKnownFileType = image.jpeg; path = hotel3.jpg; sourceTree = "<group>"; };
		5560BFF81A7D049200B5996D /* hotel2.jpg */ = {isa = PBXFileReference; lastKnownFileType = image.jpeg; path = hotel2.jpg; sourceTree = "<group>"; };
		5560BFFD1A7D05C400B5996D /* loading.png */ = {isa = PBXFileReference; lastKnownFileType = image.png; path = loading.png; sourceTree = "<group>"; };
		55A69DBD1A7D67B800B388EA /* SPGooglePlacesAutocompletePlace.h */ = {isa = PBXFileReference; fileEncoding = 4; lastKnownFileType = sourcecode.c.h; path = SPGooglePlacesAutocompletePlace.h; sourceTree = "<group>"; };
		55A69DBE1A7D67B800B388EA /* SPGooglePlacesAutocompletePlace.m */ = {isa = PBXFileReference; fileEncoding = 4; lastKnownFileType = sourcecode.c.objc; path = SPGooglePlacesAutocompletePlace.m; sourceTree = "<group>"; };
		55A69DBF1A7D67B800B388EA /* SPGooglePlacesAutocompleteQuery.h */ = {isa = PBXFileReference; fileEncoding = 4; lastKnownFileType = sourcecode.c.h; path = SPGooglePlacesAutocompleteQuery.h; sourceTree = "<group>"; };
		55A69DC01A7D67B800B388EA /* SPGooglePlacesAutocompleteQuery.m */ = {isa = PBXFileReference; fileEncoding = 4; lastKnownFileType = sourcecode.c.objc; path = SPGooglePlacesAutocompleteQuery.m; sourceTree = "<group>"; };
		55A69DC11A7D67B800B388EA /* SPGooglePlacesAutocompleteUtilities.h */ = {isa = PBXFileReference; fileEncoding = 4; lastKnownFileType = sourcecode.c.h; path = SPGooglePlacesAutocompleteUtilities.h; sourceTree = "<group>"; };
		55A69DC21A7D67B800B388EA /* SPGooglePlacesAutocompleteUtilities.m */ = {isa = PBXFileReference; fileEncoding = 4; lastKnownFileType = sourcecode.c.objc; path = SPGooglePlacesAutocompleteUtilities.m; sourceTree = "<group>"; };
		55A69DC31A7D67B800B388EA /* SPGooglePlacesPlaceDetailQuery.h */ = {isa = PBXFileReference; fileEncoding = 4; lastKnownFileType = sourcecode.c.h; path = SPGooglePlacesPlaceDetailQuery.h; sourceTree = "<group>"; };
		55A69DC41A7D67B800B388EA /* SPGooglePlacesPlaceDetailQuery.m */ = {isa = PBXFileReference; fileEncoding = 4; lastKnownFileType = sourcecode.c.objc; path = SPGooglePlacesPlaceDetailQuery.m; sourceTree = "<group>"; };
		55A69DC91A7D67CF00B388EA /* SPGooglePlacesAutocompleteViewController.h */ = {isa = PBXFileReference; fileEncoding = 4; lastKnownFileType = sourcecode.c.h; path = SPGooglePlacesAutocompleteViewController.h; sourceTree = "<group>"; };
		55A69DCA1A7D67CF00B388EA /* SPGooglePlacesAutocompleteViewController.m */ = {isa = PBXFileReference; fileEncoding = 4; lastKnownFileType = sourcecode.c.objc; path = SPGooglePlacesAutocompleteViewController.m; sourceTree = "<group>"; };
		55A69DCC1A7D67EA00B388EA /* SPGooglePlacesAutocompleteViewController.xib */ = {isa = PBXFileReference; fileEncoding = 4; lastKnownFileType = file.xib; path = SPGooglePlacesAutocompleteViewController.xib; sourceTree = "<group>"; };
		6E4AFAE41A7CD1AD0040E64E /* AVFoundation.framework */ = {isa = PBXFileReference; lastKnownFileType = wrapper.framework; name = AVFoundation.framework; path = System/Library/Frameworks/AVFoundation.framework; sourceTree = SDKROOT; };
		6E4AFAE61A7CD1B50040E64E /* CoreData.framework */ = {isa = PBXFileReference; lastKnownFileType = wrapper.framework; name = CoreData.framework; path = System/Library/Frameworks/CoreData.framework; sourceTree = SDKROOT; };
		6E4AFAE81A7CD1BE0040E64E /* CoreLocation.framework */ = {isa = PBXFileReference; lastKnownFileType = wrapper.framework; name = CoreLocation.framework; path = System/Library/Frameworks/CoreLocation.framework; sourceTree = SDKROOT; };
		6E4AFAEA1A7CD1C70040E64E /* CoreText.framework */ = {isa = PBXFileReference; lastKnownFileType = wrapper.framework; name = CoreText.framework; path = System/Library/Frameworks/CoreText.framework; sourceTree = SDKROOT; };
		6E4AFAEC1A7CD1CF0040E64E /* GLKit.framework */ = {isa = PBXFileReference; lastKnownFileType = wrapper.framework; name = GLKit.framework; path = System/Library/Frameworks/GLKit.framework; sourceTree = SDKROOT; };
		6E4AFAEE1A7CD1D70040E64E /* ImageIO.framework */ = {isa = PBXFileReference; lastKnownFileType = wrapper.framework; name = ImageIO.framework; path = System/Library/Frameworks/ImageIO.framework; sourceTree = SDKROOT; };
		6E4AFAF01A7CD1E50040E64E /* libc++.dylib */ = {isa = PBXFileReference; lastKnownFileType = "compiled.mach-o.dylib"; name = "libc++.dylib"; path = "usr/lib/libc++.dylib"; sourceTree = SDKROOT; };
		6E4AFAF21A7CD1F30040E64E /* libicucore.dylib */ = {isa = PBXFileReference; lastKnownFileType = "compiled.mach-o.dylib"; name = libicucore.dylib; path = usr/lib/libicucore.dylib; sourceTree = SDKROOT; };
		6E4AFAF41A7CD1FE0040E64E /* libz.dylib */ = {isa = PBXFileReference; lastKnownFileType = "compiled.mach-o.dylib"; name = libz.dylib; path = usr/lib/libz.dylib; sourceTree = SDKROOT; };
		6E4AFAF61A7CD2060040E64E /* OpenGLES.framework */ = {isa = PBXFileReference; lastKnownFileType = wrapper.framework; name = OpenGLES.framework; path = System/Library/Frameworks/OpenGLES.framework; sourceTree = SDKROOT; };
		6E4AFAF81A7CD20D0040E64E /* QuartzCore.framework */ = {isa = PBXFileReference; lastKnownFileType = wrapper.framework; name = QuartzCore.framework; path = System/Library/Frameworks/QuartzCore.framework; sourceTree = SDKROOT; };
		6E4AFAFA1A7CD2160040E64E /* SystemConfiguration.framework */ = {isa = PBXFileReference; lastKnownFileType = wrapper.framework; name = SystemConfiguration.framework; path = System/Library/Frameworks/SystemConfiguration.framework; sourceTree = SDKROOT; };
		6E4AFAFD1A7CD5390040E64E /* BusinessTripViewController.h */ = {isa = PBXFileReference; fileEncoding = 4; lastKnownFileType = sourcecode.c.h; path = BusinessTripViewController.h; sourceTree = "<group>"; };
		6E4AFAFE1A7CD5390040E64E /* BusinessTripViewController.m */ = {isa = PBXFileReference; fileEncoding = 4; lastKnownFileType = sourcecode.c.objc; path = BusinessTripViewController.m; sourceTree = "<group>"; };
		6E4AFB021A7CD5730040E64E /* BusinessTripView.xib */ = {isa = PBXFileReference; fileEncoding = 4; lastKnownFileType = file.xib; path = BusinessTripView.xib; sourceTree = "<group>"; };
		6E4AFB091A7CD9570040E64E /* GoogleMaps.framework */ = {isa = PBXFileReference; lastKnownFileType = wrapper.framework; path = GoogleMaps.framework; sourceTree = "<group>"; };
		6E4AFB0B1A7CD96D0040E64E /* GoogleMaps.bundle */ = {isa = PBXFileReference; lastKnownFileType = "wrapper.plug-in"; name = GoogleMaps.bundle; path = GoogleMaps.framework/Versions/A/Resources/GoogleMaps.bundle; sourceTree = "<group>"; };
		6E576FD61A7CC8A3004D3CFF /* Stayzilla.app */ = {isa = PBXFileReference; explicitFileType = wrapper.application; includeInIndex = 0; path = Stayzilla.app; sourceTree = BUILT_PRODUCTS_DIR; };
		6E576FD91A7CC8A3004D3CFF /* Foundation.framework */ = {isa = PBXFileReference; lastKnownFileType = wrapper.framework; name = Foundation.framework; path = System/Library/Frameworks/Foundation.framework; sourceTree = SDKROOT; };
		6E576FDB1A7CC8A3004D3CFF /* CoreGraphics.framework */ = {isa = PBXFileReference; lastKnownFileType = wrapper.framework; name = CoreGraphics.framework; path = System/Library/Frameworks/CoreGraphics.framework; sourceTree = SDKROOT; };
		6E576FDD1A7CC8A3004D3CFF /* UIKit.framework */ = {isa = PBXFileReference; lastKnownFileType = wrapper.framework; name = UIKit.framework; path = System/Library/Frameworks/UIKit.framework; sourceTree = SDKROOT; };
		6E576FE11A7CC8A3004D3CFF /* Stayzilla-Info.plist */ = {isa = PBXFileReference; lastKnownFileType = text.plist.xml; path = "Stayzilla-Info.plist"; sourceTree = "<group>"; };
		6E576FE31A7CC8A3004D3CFF /* en */ = {isa = PBXFileReference; lastKnownFileType = text.plist.strings; name = en; path = en.lproj/InfoPlist.strings; sourceTree = "<group>"; };
		6E576FE51A7CC8A3004D3CFF /* main.m */ = {isa = PBXFileReference; lastKnownFileType = sourcecode.c.objc; path = main.m; sourceTree = "<group>"; };
		6E576FE71A7CC8A3004D3CFF /* Stayzilla-Prefix.pch */ = {isa = PBXFileReference; lastKnownFileType = sourcecode.c.h; path = "Stayzilla-Prefix.pch"; sourceTree = "<group>"; };
		6E576FE81A7CC8A3004D3CFF /* AppDelegate.h */ = {isa = PBXFileReference; lastKnownFileType = sourcecode.c.h; path = AppDelegate.h; sourceTree = "<group>"; };
		6E576FE91A7CC8A3004D3CFF /* AppDelegate.m */ = {isa = PBXFileReference; lastKnownFileType = sourcecode.c.objc; path = AppDelegate.m; sourceTree = "<group>"; };
		6E576FEB1A7CC8A3004D3CFF /* Images.xcassets */ = {isa = PBXFileReference; lastKnownFileType = folder.assetcatalog; path = Images.xcassets; sourceTree = "<group>"; };
		6E576FF11A7CC8A3004D3CFF /* StayzillaTests.xctest */ = {isa = PBXFileReference; explicitFileType = wrapper.cfbundle; includeInIndex = 0; path = StayzillaTests.xctest; sourceTree = BUILT_PRODUCTS_DIR; };
		6E576FF21A7CC8A3004D3CFF /* XCTest.framework */ = {isa = PBXFileReference; lastKnownFileType = wrapper.framework; name = XCTest.framework; path = Library/Frameworks/XCTest.framework; sourceTree = DEVELOPER_DIR; };
		6E576FFA1A7CC8A3004D3CFF /* StayzillaTests-Info.plist */ = {isa = PBXFileReference; lastKnownFileType = text.plist.xml; path = "StayzillaTests-Info.plist"; sourceTree = "<group>"; };
		6E576FFC1A7CC8A3004D3CFF /* en */ = {isa = PBXFileReference; lastKnownFileType = text.plist.strings; name = en; path = en.lproj/InfoPlist.strings; sourceTree = "<group>"; };
		6E576FFE1A7CC8A3004D3CFF /* StayzillaTests.m */ = {isa = PBXFileReference; lastKnownFileType = sourcecode.c.objc; path = StayzillaTests.m; sourceTree = "<group>"; };
		6ED860A11A7D5F06009C625E /* SightseeingViewController.h */ = {isa = PBXFileReference; fileEncoding = 4; lastKnownFileType = sourcecode.c.h; path = SightseeingViewController.h; sourceTree = "<group>"; };
		6ED860A21A7D5F06009C625E /* SightseeingViewController.m */ = {isa = PBXFileReference; fileEncoding = 4; lastKnownFileType = sourcecode.c.objc; path = SightseeingViewController.m; sourceTree = "<group>"; };
		6ED860AA1A7D6B6E009C625E /* SightSeeingView.xib */ = {isa = PBXFileReference; fileEncoding = 4; lastKnownFileType = file.xib; path = SightSeeingView.xib; sourceTree = "<group>"; };
/* End PBXFileReference section */

/* Begin PBXFrameworksBuildPhase section */
		6E576FD31A7CC8A3004D3CFF /* Frameworks */ = {
			isa = PBXFrameworksBuildPhase;
			buildActionMask = 2147483647;
			files = (
				6E4AFAFB1A7CD2160040E64E /* SystemConfiguration.framework in Frameworks */,
				6E4AFAF91A7CD20D0040E64E /* QuartzCore.framework in Frameworks */,
				6E4AFAF71A7CD2060040E64E /* OpenGLES.framework in Frameworks */,
				6E4AFAF51A7CD1FE0040E64E /* libz.dylib in Frameworks */,
				6E4AFAF31A7CD1F30040E64E /* libicucore.dylib in Frameworks */,
				6E4AFAF11A7CD1E50040E64E /* libc++.dylib in Frameworks */,
				6E4AFAEF1A7CD1D70040E64E /* ImageIO.framework in Frameworks */,
				6E4AFAED1A7CD1CF0040E64E /* GLKit.framework in Frameworks */,
				6E4AFAEB1A7CD1C70040E64E /* CoreText.framework in Frameworks */,
				6E4AFAE91A7CD1BE0040E64E /* CoreLocation.framework in Frameworks */,
				6E4AFAE71A7CD1B50040E64E /* CoreData.framework in Frameworks */,
				6E4AFAE51A7CD1AD0040E64E /* AVFoundation.framework in Frameworks */,
				6E576FDC1A7CC8A3004D3CFF /* CoreGraphics.framework in Frameworks */,
				6E576FDE1A7CC8A3004D3CFF /* UIKit.framework in Frameworks */,
				6E4AFB0A1A7CD9570040E64E /* GoogleMaps.framework in Frameworks */,
				6E576FDA1A7CC8A3004D3CFF /* Foundation.framework in Frameworks */,
			);
			runOnlyForDeploymentPostprocessing = 0;
		};
		6E576FEE1A7CC8A3004D3CFF /* Frameworks */ = {
			isa = PBXFrameworksBuildPhase;
			buildActionMask = 2147483647;
			files = (
				6E576FF31A7CC8A3004D3CFF /* XCTest.framework in Frameworks */,
				6E576FF51A7CC8A3004D3CFF /* UIKit.framework in Frameworks */,
				6E576FF41A7CC8A3004D3CFF /* Foundation.framework in Frameworks */,
			);
			runOnlyForDeploymentPostprocessing = 0;
		};
/* End PBXFrameworksBuildPhase section */

/* Begin PBXGroup section */
		5560BFD51A7CDC8800B5996D /* Welcome */ = {
			isa = PBXGroup;
			children = (
				5560BFD61A7CDC8800B5996D /* Controller */,
				5560BFD91A7CDC8800B5996D /* Model */,
				5560BFDA1A7CDC8800B5996D /* View */,
			);
			path = Welcome;
			sourceTree = "<group>";
		};
		5560BFD61A7CDC8800B5996D /* Controller */ = {
			isa = PBXGroup;
			children = (
				55A69DC91A7D67CF00B388EA /* SPGooglePlacesAutocompleteViewController.h */,
				55A69DCA1A7D67CF00B388EA /* SPGooglePlacesAutocompleteViewController.m */,
				5560BFD71A7CDC8800B5996D /* WelcomeViewController.h */,
				5560BFD81A7CDC8800B5996D /* WelcomeViewController.m */,
				5560BFDE1A7CE30900B5996D /* SelectionViewController.h */,
				5560BFDF1A7CE30900B5996D /* SelectionViewController.m */,
				5560BFE61A7CED3300B5996D /* HotelsViewController.h */,
				5560BFE71A7CED3300B5996D /* HotelsViewController.m */,
				554644271A7D1A5400B0D4B3 /* LocationViewController.h */,
				554644281A7D1A5400B0D4B3 /* LocationViewController.m */,
				554644311A7D250B00B0D4B3 /* ComparisionViewController.h */,
				554644321A7D250B00B0D4B3 /* ComparisionViewController.m */,
			);
			path = Controller;
			sourceTree = "<group>";
		};
		5560BFD91A7CDC8800B5996D /* Model */ = {
			isa = PBXGroup;
			children = (
				55A69DBD1A7D67B800B388EA /* SPGooglePlacesAutocompletePlace.h */,
				55A69DBE1A7D67B800B388EA /* SPGooglePlacesAutocompletePlace.m */,
				55A69DBF1A7D67B800B388EA /* SPGooglePlacesAutocompleteQuery.h */,
				55A69DC01A7D67B800B388EA /* SPGooglePlacesAutocompleteQuery.m */,
				55A69DC11A7D67B800B388EA /* SPGooglePlacesAutocompleteUtilities.h */,
				55A69DC21A7D67B800B388EA /* SPGooglePlacesAutocompleteUtilities.m */,
				55A69DC31A7D67B800B388EA /* SPGooglePlacesPlaceDetailQuery.h */,
				55A69DC41A7D67B800B388EA /* SPGooglePlacesPlaceDetailQuery.m */,
				5560BFE31A7CEAD500B5996D /* APIHelper.h */,
				5560BFE41A7CEAD500B5996D /* APIHelper.m */,
			);
			path = Model;
			sourceTree = "<group>";
		};
		5560BFDA1A7CDC8800B5996D /* View */ = {
			isa = PBXGroup;
			children = (
				55A69DCC1A7D67EA00B388EA /* SPGooglePlacesAutocompleteViewController.xib */,
				5560BFDB1A7CDC8800B5996D /* WelcomeView.xib */,
				5560BFE11A7CE32900B5996D /* SelectionView.xib */,
				5560BFEB1A7CEDC000B5996D /* HotelsView.xib */,
				5560BFEF1A7CEE7700B5996D /* HotelsCellView.xib */,
				5560BFF11A7CF8F800B5996D /* HotelsCellViewTableViewCell.h */,
				5560BFF21A7CF8F800B5996D /* HotelsCellViewTableViewCell.m */,
				5546442D1A7D1AB800B0D4B3 /* LocationView.xib */,
				5546442F1A7D24EC00B0D4B3 /* ComparisionView.xib */,
				554644341A7D264B00B0D4B3 /* ComaparisonTableViewCell.h */,
				554644351A7D264B00B0D4B3 /* ComaparisonTableViewCell.m */,
				554644361A7D264B00B0D4B3 /* ComaparisonTableViewCell.xib */,
			);
			path = View;
			sourceTree = "<group>";
		};
		5560BFF41A7D046E00B5996D /* Resources */ = {
			isa = PBXGroup;
			children = (
				554644391A7D403E00B0D4B3 /* eye.png */,
				5546443A1A7D403E00B0D4B3 /* ambulance.png */,
				5546443B1A7D403E00B0D4B3 /* bed.png */,
				5546443C1A7D403E00B0D4B3 /* map-marker.png */,
				5546443D1A7D403E00B0D4B3 /* accidentcoverage.png */,
				5546443E1A7D403E00B0D4B3 /* bus.png */,
				5546443F1A7D403E00B0D4B3 /* cab.png */,
				554644401A7D403E00B0D4B3 /* clock.png */,
				554644411A7D403E00B0D4B3 /* dollar.png */,
				554644421A7D403E00B0D4B3 /* eventcalendar.png */,
				5560BFFD1A7D05C400B5996D /* loading.png */,
				5560BFF51A7D049200B5996D /* hotel1.jpg */,
				5560BFF61A7D049200B5996D /* hotel4.jpg */,
				5560BFF71A7D049200B5996D /* hotel3.jpg */,
				5560BFF81A7D049200B5996D /* hotel2.jpg */,
			);
			path = Resources;
			sourceTree = "<group>";
		};
		6E4AF9BE1A7CCE050040E64E /* ExternalFramework */ = {
			isa = PBXGroup;
			children = (
				6E4AFB0B1A7CD96D0040E64E /* GoogleMaps.bundle */,
				6E4AFB091A7CD9570040E64E /* GoogleMaps.framework */,
			);
			name = ExternalFramework;
			path = Framework;
			sourceTree = "<group>";
		};
		6E576FCD1A7CC8A3004D3CFF = {
			isa = PBXGroup;
			children = (
				6E576FDF1A7CC8A3004D3CFF /* Stayzilla */,
				6E576FF81A7CC8A3004D3CFF /* StayzillaTests */,
				6E576FD81A7CC8A3004D3CFF /* Frameworks */,
				6E576FD71A7CC8A3004D3CFF /* Products */,
			);
			sourceTree = "<group>";
		};
		6E576FD71A7CC8A3004D3CFF /* Products */ = {
			isa = PBXGroup;
			children = (
				6E576FD61A7CC8A3004D3CFF /* Stayzilla.app */,
				6E576FF11A7CC8A3004D3CFF /* StayzillaTests.xctest */,
			);
			name = Products;
			sourceTree = "<group>";
		};
		6E576FD81A7CC8A3004D3CFF /* Frameworks */ = {
			isa = PBXGroup;
			children = (
				6E4AFAFA1A7CD2160040E64E /* SystemConfiguration.framework */,
				6E4AFAF81A7CD20D0040E64E /* QuartzCore.framework */,
				6E4AFAF61A7CD2060040E64E /* OpenGLES.framework */,
				6E4AFAF41A7CD1FE0040E64E /* libz.dylib */,
				6E4AFAF21A7CD1F30040E64E /* libicucore.dylib */,
				6E4AFAF01A7CD1E50040E64E /* libc++.dylib */,
				6E4AFAEE1A7CD1D70040E64E /* ImageIO.framework */,
				6E4AFAEC1A7CD1CF0040E64E /* GLKit.framework */,
				6E4AFAEA1A7CD1C70040E64E /* CoreText.framework */,
				6E4AFAE81A7CD1BE0040E64E /* CoreLocation.framework */,
				6E4AFAE61A7CD1B50040E64E /* CoreData.framework */,
				6E4AFAE41A7CD1AD0040E64E /* AVFoundation.framework */,
				6E576FD91A7CC8A3004D3CFF /* Foundation.framework */,
				6E576FDB1A7CC8A3004D3CFF /* CoreGraphics.framework */,
				6E576FDD1A7CC8A3004D3CFF /* UIKit.framework */,
				6E576FF21A7CC8A3004D3CFF /* XCTest.framework */,
			);
			name = Frameworks;
			sourceTree = "<group>";
		};
		6E576FDF1A7CC8A3004D3CFF /* Stayzilla */ = {
			isa = PBXGroup;
			children = (
				5560BFD51A7CDC8800B5996D /* Welcome */,
				6ED8609E1A7D3904009C625E /* BusinessTrip */,
				6ED8609B1A7D38AF009C625E /* SightseeingTrip */,
				6ED8609A1A7D388B009C625E /* Helper */,
				5560BFF41A7D046E00B5996D /* Resources */,
				6E4AF9BE1A7CCE050040E64E /* ExternalFramework */,
				6E576FE81A7CC8A3004D3CFF /* AppDelegate.h */,
				6E576FE91A7CC8A3004D3CFF /* AppDelegate.m */,
				6E576FEB1A7CC8A3004D3CFF /* Images.xcassets */,
				6E576FE01A7CC8A3004D3CFF /* Supporting Files */,
			);
			path = Stayzilla;
			sourceTree = "<group>";
		};
		6E576FE01A7CC8A3004D3CFF /* Supporting Files */ = {
			isa = PBXGroup;
			children = (
				6E576FE11A7CC8A3004D3CFF /* Stayzilla-Info.plist */,
				6E576FE21A7CC8A3004D3CFF /* InfoPlist.strings */,
				6E576FE51A7CC8A3004D3CFF /* main.m */,
				6E576FE71A7CC8A3004D3CFF /* Stayzilla-Prefix.pch */,
			);
			name = "Supporting Files";
			sourceTree = "<group>";
		};
		6E576FF81A7CC8A3004D3CFF /* StayzillaTests */ = {
			isa = PBXGroup;
			children = (
				6E576FFE1A7CC8A3004D3CFF /* StayzillaTests.m */,
				6E576FF91A7CC8A3004D3CFF /* Supporting Files */,
			);
			path = StayzillaTests;
			sourceTree = "<group>";
		};
		6E576FF91A7CC8A3004D3CFF /* Supporting Files */ = {
			isa = PBXGroup;
			children = (
				6E576FFA1A7CC8A3004D3CFF /* StayzillaTests-Info.plist */,
				6E576FFB1A7CC8A3004D3CFF /* InfoPlist.strings */,
			);
			name = "Supporting Files";
			sourceTree = "<group>";
		};
		6ED8609A1A7D388B009C625E /* Helper */ = {
			isa = PBXGroup;
			children = (
				5560BFE31A7CEAD500B5996D /* APIHelper.h */,
				5560BFE41A7CEAD500B5996D /* APIHelper.m */,
			);
			name = Helper;
			sourceTree = "<group>";
		};
		6ED8609B1A7D38AF009C625E /* SightseeingTrip */ = {
			isa = PBXGroup;
			children = (
				6ED8609D1A7D38D5009C625E /* View */,
				6ED8609C1A7D38CF009C625E /* Controller */,
			);
			name = SightseeingTrip;
			sourceTree = "<group>";
		};
		6ED8609C1A7D38CF009C625E /* Controller */ = {
			isa = PBXGroup;
			children = (
				6ED860A11A7D5F06009C625E /* SightseeingViewController.h */,
				6ED860A21A7D5F06009C625E /* SightseeingViewController.m */,
			);
			name = Controller;
			sourceTree = "<group>";
		};
		6ED8609D1A7D38D5009C625E /* View */ = {
			isa = PBXGroup;
			children = (
				6ED860AA1A7D6B6E009C625E /* SightSeeingView.xib */,
			);
			name = View;
			sourceTree = "<group>";
		};
		6ED8609E1A7D3904009C625E /* BusinessTrip */ = {
			isa = PBXGroup;
			children = (
				6ED860A01A7D3922009C625E /* View */,
				6ED8609F1A7D391D009C625E /* Controller */,
			);
			name = BusinessTrip;
			sourceTree = "<group>";
		};
		6ED8609F1A7D391D009C625E /* Controller */ = {
			isa = PBXGroup;
			children = (
				6E4AFAFD1A7CD5390040E64E /* BusinessTripViewController.h */,
				6E4AFAFE1A7CD5390040E64E /* BusinessTripViewController.m */,
			);
			name = Controller;
			sourceTree = "<group>";
		};
		6ED860A01A7D3922009C625E /* View */ = {
			isa = PBXGroup;
			children = (
				6E4AFB021A7CD5730040E64E /* BusinessTripView.xib */,
			);
			name = View;
			sourceTree = "<group>";
		};
/* End PBXGroup section */

/* Begin PBXNativeTarget section */
		6E576FD51A7CC8A3004D3CFF /* Stayzilla */ = {
			isa = PBXNativeTarget;
			buildConfigurationList = 6E5770021A7CC8A3004D3CFF /* Build configuration list for PBXNativeTarget "Stayzilla" */;
			buildPhases = (
				6E576FD21A7CC8A3004D3CFF /* Sources */,
				6E576FD31A7CC8A3004D3CFF /* Frameworks */,
				6E576FD41A7CC8A3004D3CFF /* Resources */,
			);
			buildRules = (
			);
			dependencies = (
			);
			name = Stayzilla;
			productName = Stayzilla;
			productReference = 6E576FD61A7CC8A3004D3CFF /* Stayzilla.app */;
			productType = "com.apple.product-type.application";
		};
		6E576FF01A7CC8A3004D3CFF /* StayzillaTests */ = {
			isa = PBXNativeTarget;
			buildConfigurationList = 6E5770051A7CC8A3004D3CFF /* Build configuration list for PBXNativeTarget "StayzillaTests" */;
			buildPhases = (
				6E576FED1A7CC8A3004D3CFF /* Sources */,
				6E576FEE1A7CC8A3004D3CFF /* Frameworks */,
				6E576FEF1A7CC8A3004D3CFF /* Resources */,
			);
			buildRules = (
			);
			dependencies = (
				6E576FF71A7CC8A3004D3CFF /* PBXTargetDependency */,
			);
			name = StayzillaTests;
			productName = StayzillaTests;
			productReference = 6E576FF11A7CC8A3004D3CFF /* StayzillaTests.xctest */;
			productType = "com.apple.product-type.bundle.unit-test";
		};
/* End PBXNativeTarget section */

/* Begin PBXProject section */
		6E576FCE1A7CC8A3004D3CFF /* Project object */ = {
			isa = PBXProject;
			attributes = {
				LastUpgradeCheck = 0510;
				ORGANIZATIONNAME = Blackhat;
				TargetAttributes = {
					6E576FF01A7CC8A3004D3CFF = {
						TestTargetID = 6E576FD51A7CC8A3004D3CFF;
					};
				};
			};
			buildConfigurationList = 6E576FD11A7CC8A3004D3CFF /* Build configuration list for PBXProject "Stayzilla" */;
			compatibilityVersion = "Xcode 3.2";
			developmentRegion = English;
			hasScannedForEncodings = 0;
			knownRegions = (
				en,
				ar,
				ca,
				cs,
				da,
				de,
				el,
				en_GB,
				es,
				fi,
				fr,
				he,
				hr,
				hu,
				id,
				it,
				ja,
				ko,
				ms,
				nl,
				no,
				pl,
				pt,
				pt_PT,
				ro,
				ru,
				sk,
				sv,
				th,
				tr,
				uk,
				vi,
				zh_CN,
				zh_TW,
			);
			mainGroup = 6E576FCD1A7CC8A3004D3CFF;
			productRefGroup = 6E576FD71A7CC8A3004D3CFF /* Products */;
			projectDirPath = "";
			projectRoot = "";
			targets = (
				6E576FD51A7CC8A3004D3CFF /* Stayzilla */,
				6E576FF01A7CC8A3004D3CFF /* StayzillaTests */,
			);
		};
/* End PBXProject section */

/* Begin PBXResourcesBuildPhase section */
		6E576FD41A7CC8A3004D3CFF /* Resources */ = {
			isa = PBXResourcesBuildPhase;
			buildActionMask = 2147483647;
			files = (
				5546444A1A7D403E00B0D4B3 /* clock.png in Resources */,
				5560BFFB1A7D049200B5996D /* hotel3.jpg in Resources */,
				554644491A7D403E00B0D4B3 /* cab.png in Resources */,
				6E4AFB031A7CD5730040E64E /* BusinessTripView.xib in Resources */,
				5546444B1A7D403E00B0D4B3 /* dollar.png in Resources */,
				6ED860AB1A7D6B6E009C625E /* SightSeeingView.xib in Resources */,
				5560BFDD1A7CDC8800B5996D /* WelcomeView.xib in Resources */,
				5560BFF91A7D049200B5996D /* hotel1.jpg in Resources */,
				5560BFFA1A7D049200B5996D /* hotel4.jpg in Resources */,
				6E576FE41A7CC8A3004D3CFF /* InfoPlist.strings in Resources */,
				554644481A7D403E00B0D4B3 /* bus.png in Resources */,
				554644471A7D403E00B0D4B3 /* accidentcoverage.png in Resources */,
				554644441A7D403E00B0D4B3 /* ambulance.png in Resources */,
				5560BFEC1A7CEDC000B5996D /* HotelsView.xib in Resources */,
				5560BFFC1A7D049200B5996D /* hotel2.jpg in Resources */,
				6E576FEC1A7CC8A3004D3CFF /* Images.xcassets in Resources */,
				554644461A7D403E00B0D4B3 /* map-marker.png in Resources */,
				5546442E1A7D1AB800B0D4B3 /* LocationView.xib in Resources */,
				554644451A7D403E00B0D4B3 /* bed.png in Resources */,
				5560BFF01A7CEE7700B5996D /* HotelsCellView.xib in Resources */,
				6E4AFB0C1A7CD96D0040E64E /* GoogleMaps.bundle in Resources */,
				554644431A7D403E00B0D4B3 /* eye.png in Resources */,
				554644381A7D264B00B0D4B3 /* ComaparisonTableViewCell.xib in Resources */,
				5546444C1A7D403E00B0D4B3 /* eventcalendar.png in Resources */,
				5560BFE21A7CE32900B5996D /* SelectionView.xib in Resources */,
				5560BFFE1A7D05C400B5996D /* loading.png in Resources */,
				554644301A7D24EC00B0D4B3 /* ComparisionView.xib in Resources */,
				55A69DCD1A7D67EA00B388EA /* SPGooglePlacesAutocompleteViewController.xib in Resources */,
			);
			runOnlyForDeploymentPostprocessing = 0;
		};
		6E576FEF1A7CC8A3004D3CFF /* Resources */ = {
			isa = PBXResourcesBuildPhase;
			buildActionMask = 2147483647;
			files = (
				6E576FFD1A7CC8A3004D3CFF /* InfoPlist.strings in Resources */,
			);
			runOnlyForDeploymentPostprocessing = 0;
		};
/* End PBXResourcesBuildPhase section */

/* Begin PBXSourcesBuildPhase section */
		6E576FD21A7CC8A3004D3CFF /* Sources */ = {
			isa = PBXSourcesBuildPhase;
			buildActionMask = 2147483647;
			files = (
				55A69DC71A7D67B800B388EA /* SPGooglePlacesAutocompleteUtilities.m in Sources */,
				5560BFE01A7CE30900B5996D /* SelectionViewController.m in Sources */,
				554644291A7D1A5400B0D4B3 /* LocationViewController.m in Sources */,
				5560BFE81A7CED3300B5996D /* HotelsViewController.m in Sources */,
				6ED860A31A7D5F06009C625E /* SightseeingViewController.m in Sources */,
				6E4AFAFF1A7CD5390040E64E /* BusinessTripViewController.m in Sources */,
				5560BFDC1A7CDC8800B5996D /* WelcomeViewController.m in Sources */,
				55A69DC51A7D67B800B388EA /* SPGooglePlacesAutocompletePlace.m in Sources */,
				55A69DC61A7D67B800B388EA /* SPGooglePlacesAutocompleteQuery.m in Sources */,
				6E576FEA1A7CC8A3004D3CFF /* AppDelegate.m in Sources */,
				55A69DC81A7D67B800B388EA /* SPGooglePlacesPlaceDetailQuery.m in Sources */,
				554644371A7D264B00B0D4B3 /* ComaparisonTableViewCell.m in Sources */,
				5560BFF31A7CF8F800B5996D /* HotelsCellViewTableViewCell.m in Sources */,
				554644331A7D250B00B0D4B3 /* ComparisionViewController.m in Sources */,
				5560BFE51A7CEAD500B5996D /* APIHelper.m in Sources */,
				55A69DCB1A7D67CF00B388EA /* SPGooglePlacesAutocompleteViewController.m in Sources */,
				6E576FE61A7CC8A3004D3CFF /* main.m in Sources */,
			);
			runOnlyForDeploymentPostprocessing = 0;
		};
		6E576FED1A7CC8A3004D3CFF /* Sources */ = {
			isa = PBXSourcesBuildPhase;
			buildActionMask = 2147483647;
			files = (
				6E576FFF1A7CC8A3004D3CFF /* StayzillaTests.m in Sources */,
			);
			runOnlyForDeploymentPostprocessing = 0;
		};
/* End PBXSourcesBuildPhase section */

/* Begin PBXTargetDependency section */
		6E576FF71A7CC8A3004D3CFF /* PBXTargetDependency */ = {
			isa = PBXTargetDependency;
			target = 6E576FD51A7CC8A3004D3CFF /* Stayzilla */;
			targetProxy = 6E576FF61A7CC8A3004D3CFF /* PBXContainerItemProxy */;
		};
/* End PBXTargetDependency section */

/* Begin PBXVariantGroup section */
		6E576FE21A7CC8A3004D3CFF /* InfoPlist.strings */ = {
			isa = PBXVariantGroup;
			children = (
				6E576FE31A7CC8A3004D3CFF /* en */,
			);
			name = InfoPlist.strings;
			sourceTree = "<group>";
		};
		6E576FFB1A7CC8A3004D3CFF /* InfoPlist.strings */ = {
			isa = PBXVariantGroup;
			children = (
				6E576FFC1A7CC8A3004D3CFF /* en */,
			);
			name = InfoPlist.strings;
			sourceTree = "<group>";
		};
/* End PBXVariantGroup section */

/* Begin XCBuildConfiguration section */
		6E5770001A7CC8A3004D3CFF /* Debug */ = {
			isa = XCBuildConfiguration;
			buildSettings = {
				ALWAYS_SEARCH_USER_PATHS = NO;
				CLANG_CXX_LANGUAGE_STANDARD = "gnu++0x";
				CLANG_CXX_LIBRARY = "libc++";
				CLANG_ENABLE_MODULES = YES;
				CLANG_ENABLE_OBJC_ARC = YES;
				CLANG_WARN_BOOL_CONVERSION = YES;
				CLANG_WARN_CONSTANT_CONVERSION = YES;
				CLANG_WARN_DIRECT_OBJC_ISA_USAGE = YES_ERROR;
				CLANG_WARN_EMPTY_BODY = YES;
				CLANG_WARN_ENUM_CONVERSION = YES;
				CLANG_WARN_INT_CONVERSION = YES;
				CLANG_WARN_OBJC_ROOT_CLASS = YES_ERROR;
				CLANG_WARN__DUPLICATE_METHOD_MATCH = YES;
				"CODE_SIGN_IDENTITY[sdk=iphoneos*]" = "iPhone Developer";
				COPY_PHASE_STRIP = NO;
				GCC_C_LANGUAGE_STANDARD = gnu99;
				GCC_DYNAMIC_NO_PIC = NO;
				GCC_OPTIMIZATION_LEVEL = 0;
				GCC_PREPROCESSOR_DEFINITIONS = (
					"DEBUG=1",
					"$(inherited)",
				);
				GCC_SYMBOLS_PRIVATE_EXTERN = NO;
				GCC_WARN_64_TO_32_BIT_CONVERSION = YES;
				GCC_WARN_ABOUT_RETURN_TYPE = YES_ERROR;
				GCC_WARN_UNDECLARED_SELECTOR = YES;
				GCC_WARN_UNINITIALIZED_AUTOS = YES_AGGRESSIVE;
				GCC_WARN_UNUSED_FUNCTION = YES;
				GCC_WARN_UNUSED_VARIABLE = YES;
				IPHONEOS_DEPLOYMENT_TARGET = 7.1;
				ONLY_ACTIVE_ARCH = YES;
				OTHER_LDFLAGS = "-ObjC";
				SDKROOT = iphoneos;
			};
			name = Debug;
		};
		6E5770011A7CC8A3004D3CFF /* Release */ = {
			isa = XCBuildConfiguration;
			buildSettings = {
				ALWAYS_SEARCH_USER_PATHS = NO;
				CLANG_CXX_LANGUAGE_STANDARD = "gnu++0x";
				CLANG_CXX_LIBRARY = "libc++";
				CLANG_ENABLE_MODULES = YES;
				CLANG_ENABLE_OBJC_ARC = YES;
				CLANG_WARN_BOOL_CONVERSION = YES;
				CLANG_WARN_CONSTANT_CONVERSION = YES;
				CLANG_WARN_DIRECT_OBJC_ISA_USAGE = YES_ERROR;
				CLANG_WARN_EMPTY_BODY = YES;
				CLANG_WARN_ENUM_CONVERSION = YES;
				CLANG_WARN_INT_CONVERSION = YES;
				CLANG_WARN_OBJC_ROOT_CLASS = YES_ERROR;
				CLANG_WARN__DUPLICATE_METHOD_MATCH = YES;
				"CODE_SIGN_IDENTITY[sdk=iphoneos*]" = "iPhone Developer";
				COPY_PHASE_STRIP = YES;
				ENABLE_NS_ASSERTIONS = NO;
				GCC_C_LANGUAGE_STANDARD = gnu99;
				GCC_WARN_64_TO_32_BIT_CONVERSION = YES;
				GCC_WARN_ABOUT_RETURN_TYPE = YES_ERROR;
				GCC_WARN_UNDECLARED_SELECTOR = YES;
				GCC_WARN_UNINITIALIZED_AUTOS = YES_AGGRESSIVE;
				GCC_WARN_UNUSED_FUNCTION = YES;
				GCC_WARN_UNUSED_VARIABLE = YES;
				IPHONEOS_DEPLOYMENT_TARGET = 7.1;
				OTHER_LDFLAGS = "-ObjC";
				SDKROOT = iphoneos;
				VALIDATE_PRODUCT = YES;
			};
			name = Release;
		};
		6E5770031A7CC8A3004D3CFF /* Debug */ = {
			isa = XCBuildConfiguration;
			buildSettings = {
				ASSETCATALOG_COMPILER_APPICON_NAME = AppIcon;
				ASSETCATALOG_COMPILER_LAUNCHIMAGE_NAME = LaunchImage;
				FRAMEWORK_SEARCH_PATHS = (
					"$(inherited)",
					"$(PROJECT_DIR)/Stayzilla/Framework/GoogleMaps-iOS-1.9.1",
					"$(PROJECT_DIR)/Stayzilla/Framework/GoogleMaps-iOS-1.9.1/GoogleMapsSDKDemos",
					"$(PROJECT_DIR)/Stayzilla/Framework",
				);
				GCC_PRECOMPILE_PREFIX_HEADER = YES;
				GCC_PREFIX_HEADER = "Stayzilla/Stayzilla-Prefix.pch";
				INFOPLIST_FILE = "Stayzilla/Stayzilla-Info.plist";
				PRODUCT_NAME = "$(TARGET_NAME)";
				WRAPPER_EXTENSION = app;
			};
			name = Debug;
		};
		6E5770041A7CC8A3004D3CFF /* Release */ = {
			isa = XCBuildConfiguration;
			buildSettings = {
				ASSETCATALOG_COMPILER_APPICON_NAME = AppIcon;
				ASSETCATALOG_COMPILER_LAUNCHIMAGE_NAME = LaunchImage;
				FRAMEWORK_SEARCH_PATHS = (
					"$(inherited)",
					"$(PROJECT_DIR)/Stayzilla/Framework/GoogleMaps-iOS-1.9.1",
					"$(PROJECT_DIR)/Stayzilla/Framework/GoogleMaps-iOS-1.9.1/GoogleMapsSDKDemos",
					"$(PROJECT_DIR)/Stayzilla/Framework",
				);
				GCC_PRECOMPILE_PREFIX_HEADER = YES;
				GCC_PREFIX_HEADER = "Stayzilla/Stayzilla-Prefix.pch";
				INFOPLIST_FILE = "Stayzilla/Stayzilla-Info.plist";
				PRODUCT_NAME = "$(TARGET_NAME)";
				WRAPPER_EXTENSION = app;
			};
			name = Release;
		};
		6E5770061A7CC8A3004D3CFF /* Debug */ = {
			isa = XCBuildConfiguration;
			buildSettings = {
				BUNDLE_LOADER = "$(BUILT_PRODUCTS_DIR)/Stayzilla.app/Stayzilla";
				FRAMEWORK_SEARCH_PATHS = (
					"$(SDKROOT)/Developer/Library/Frameworks",
					"$(inherited)",
					"$(DEVELOPER_FRAMEWORKS_DIR)",
				);
				GCC_PRECOMPILE_PREFIX_HEADER = YES;
				GCC_PREFIX_HEADER = "Stayzilla/Stayzilla-Prefix.pch";
				GCC_PREPROCESSOR_DEFINITIONS = (
					"DEBUG=1",
					"$(inherited)",
				);
				INFOPLIST_FILE = "StayzillaTests/StayzillaTests-Info.plist";
				PRODUCT_NAME = "$(TARGET_NAME)";
				TEST_HOST = "$(BUNDLE_LOADER)";
				WRAPPER_EXTENSION = xctest;
			};
			name = Debug;
		};
		6E5770071A7CC8A3004D3CFF /* Release */ = {
			isa = XCBuildConfiguration;
			buildSettings = {
				BUNDLE_LOADER = "$(BUILT_PRODUCTS_DIR)/Stayzilla.app/Stayzilla";
				FRAMEWORK_SEARCH_PATHS = (
					"$(SDKROOT)/Developer/Library/Frameworks",
					"$(inherited)",
					"$(DEVELOPER_FRAMEWORKS_DIR)",
				);
				GCC_PRECOMPILE_PREFIX_HEADER = YES;
				GCC_PREFIX_HEADER = "Stayzilla/Stayzilla-Prefix.pch";
				INFOPLIST_FILE = "StayzillaTests/StayzillaTests-Info.plist";
				PRODUCT_NAME = "$(TARGET_NAME)";
				TEST_HOST = "$(BUNDLE_LOADER)";
				WRAPPER_EXTENSION = xctest;
			};
			name = Release;
		};
/* End XCBuildConfiguration section */

/* Begin XCConfigurationList section */
		6E576FD11A7CC8A3004D3CFF /* Build configuration list for PBXProject "Stayzilla" */ = {
			isa = XCConfigurationList;
			buildConfigurations = (
				6E5770001A7CC8A3004D3CFF /* Debug */,
				6E5770011A7CC8A3004D3CFF /* Release */,
			);
			defaultConfigurationIsVisible = 0;
			defaultConfigurationName = Release;
		};
		6E5770021A7CC8A3004D3CFF /* Build configuration list for PBXNativeTarget "Stayzilla" */ = {
			isa = XCConfigurationList;
			buildConfigurations = (
				6E5770031A7CC8A3004D3CFF /* Debug */,
				6E5770041A7CC8A3004D3CFF /* Release */,
			);
			defaultConfigurationIsVisible = 0;
			defaultConfigurationName = Release;
		};
		6E5770051A7CC8A3004D3CFF /* Build configuration list for PBXNativeTarget "StayzillaTests" */ = {
			isa = XCConfigurationList;
			buildConfigurations = (
				6E5770061A7CC8A3004D3CFF /* Debug */,
				6E5770071A7CC8A3004D3CFF /* Release */,
			);
			defaultConfigurationIsVisible = 0;
			defaultConfigurationName = Release;
		};
/* End XCConfigurationList section */
	};
	rootObject = 6E576FCE1A7CC8A3004D3CFF /* Project object */;
}
